{
  "name": "atishay.me",
  "version": "1.0.0",
  "lockfileVersion": 1,
  "requires": true,
  "dependencies": {
    "delegate": {
      "version": "3.2.0",
      "resolved": "https://registry.npmjs.org/delegate/-/delegate-3.2.0.tgz",
      "integrity": "sha512-IofjkYBZaZivn0V8nnsMJGBr4jVLxHDheKSW88PyxS5QC4Vo9ZbZVvhzlSxY87fVq3STR6r+4cGepyHkcWOQSw=="
    },
    "include-media": {
      "version": "1.4.9",
      "resolved": "https://registry.npmjs.org/include-media/-/include-media-1.4.9.tgz",
      "integrity": "sha1-0AILe+PrLVSGiiCUNZXOOA4LxDs="
    },
    "line-awesome": {
      "version": "github:icons8/line-awesome#912ed9f69c1e99ef3c451af2e8e58c5f7b6e3af9",
      "from": "github:icons8/line-awesome"
    },
    "scrollmagic": {
      "version": "2.0.6",
      "resolved": "https://registry.npmjs.org/scrollmagic/-/scrollmagic-2.0.6.tgz",
      "integrity": "sha512-uH4Z/NggT50MD3iOTOa6/B9n9+WkMpKGrVj3NuRRg2WoKaaZXCXx8EgKJBmH3SzRKHYHbZ3NJDPQ2AOhXlsTuw=="
    },
    "swup": {
      "version": "1.7.9",
      "resolved": "https://registry.npmjs.org/swup/-/swup-1.7.9.tgz",
      "integrity": "sha512-gcjzcCATE6jI9MOhJWNT9+TaUomII5BGaNLiOa37dMBrovfy274I6EE/GR8yGikkyv8Sx9JK+zMCeEBUJYuUnQ==",
      "requires": {
        "delegate": "^3.1.3"
      }
    },
    "turbolinks": {
      "version": "5.2.0",
      "resolved": "https://registry.npmjs.org/turbolinks/-/turbolinks-5.2.0.tgz",
      "integrity": "sha512-pMiez3tyBo6uRHFNNZoYMmrES/IaGgMhQQM+VFF36keryjb5ms0XkVpmKHkfW/4Vy96qiGW3K9bz0tF5sK9bBw=="
    }
  }
}
